lockfileVersion: '9.0'

settings:
  autoInstallPeers: true
  excludeLinksFromLockfile: false

importers:

  .:
    dependencies:
      js-cookie:
        specifier: ^3.0.5
        version: 3.0.5
      js-cookies:
        specifier: ^1.0.4
        version: 1.0.4

packages:

  js-cookie@3.0.5:
    resolution: {integrity: sha512-cEiJEAEoIbWfCZYKWhVwFuvPX1gETRYPw6LlaTKoxD3s2AkXzkCjnp6h0V77ozyqj0jakteJ4YqDJT830+lVGw==}
    engines: {node: '>=14'}

  js-cookies@1.0.4:
    resolution: {integrity: sha512-cO1SHDH7zJsi8FihHmDtcWx90mWmrfGOrcLKPeaEX6tLyuTK2wnzgdmNa34Q6rNAd6VhQUgjDt5Eyl90VI/Fpg==}

snapshots:

  js-cookie@3.0.5: {}

  js-cookies@1.0.4: {}
